
Microsoft Visual Studio Solution File, Format Version 11.00
# Visual Studio 2010
Project("{FAE04EC0-301F-11D3-BF4B-00C04F79EFBC}") = "SportsStore.Domain", "SportsStore.Domain\SportsStore.Domain.csproj", "{95C1A3B9-F2A3-4B11-BD6A-199064FB113A}"
EndProject
Project("{FAE04EC0-301F-11D3-BF4B-00C04F79EFBC}") = "SportsStore.WebUI", "SportsStore.WebUI\SportsStore.WebUI.csproj", "{4A19C456-522B-496B-B601-81D3D5374126}"
EndProject
Project("{FAE04EC0-301F-11D3-BF4B-00C04F79EFBC}") = "SportsStore.UnitTests", "SportsStore.UnitTests\SportsStore.UnitTests.csproj", "{72C1AF81-DF76-411E-B777-2AE8433E8821}"
EndProject
Project("{2150E333-8FDC-42A3-9474-1A3956D46DE8}") = "Solution Items", "Solution Items", "{79ADD276-971F-4A8C-9078-0E8BDE4862E4}"
	ProjectSection(SolutionItems) = preProject
		Local.testsettings = Local.testsettings
		SportsStore.vsmdi = SportsStore.vsmdi
		TraceAndTestImpact.testsettings = TraceAndTestImpact.testsettings
	EndProjectSection
EndProject
Global
	GlobalSection(TestCaseManagementSettings) = postSolution
		CategoryFile = SportsStore.vsmdi
	EndGlobalSection
	GlobalSection(SolutionConfigurationPlatforms) = preSolution
		Debug|Any CPU = Debug|Any CPU
		Release|Any CPU = Release|Any CPU
	EndGlobalSection
	GlobalSection(ProjectConfigurationPlatforms) = postSolution
		{95C1A3B9-F2A3-4B11-BD6A-199064FB113A}.Debug|Any CPU.ActiveCfg = Debug|Any CPU
		{95C1A3B9-F2A3-4B11-BD6A-199064FB113A}.Debug|Any CPU.Build.0 = Debug|Any CPU
		{95C1A3B9-F2A3-4B11-BD6A-199064FB113A}.Release|Any CPU.ActiveCfg = Release|Any CPU
		{95C1A3B9-F2A3-4B11-BD6A-199064FB113A}.Release|Any CPU.Build.0 = Release|Any CPU
		{4A19C456-522B-496B-B601-81D3D5374126}.Debug|Any CPU.ActiveCfg = Debug|Any CPU
		{4A19C456-522B-496B-B601-81D3D5374126}.Debug|Any CPU.Build.0 = Debug|Any CPU
		{4A19C456-522B-496B-B601-81D3D5374126}.Release|Any CPU.ActiveCfg = Release|Any CPU
		{4A19C456-522B-496B-B601-81D3D5374126}.Release|Any CPU.Build.0 = Release|Any CPU
		{72C1AF81-DF76-411E-B777-2AE8433E8821}.Debug|Any CPU.ActiveCfg = Debug|Any CPU
		{72C1AF81-DF76-411E-B777-2AE8433E8821}.Debug|Any CPU.Build.0 = Debug|Any CPU
		{72C1AF81-DF76-411E-B777-2AE8433E8821}.Release|Any CPU.ActiveCfg = Release|Any CPU
		{72C1AF81-DF76-411E-B777-2AE8433E8821}.Release|Any CPU.Build.0 = Release|Any CPU
	EndGlobalSection
	GlobalSection(SolutionProperties) = preSolution
		HideSolutionNode = FALSE
	EndGlobalSection
EndGlobal
